
Microsoft Visual Studio Solution File, Format Version 12.00
# Visual Studio Version 17
VisualStudioVersion = 17.1.32414.318
MinimumVisualStudioVersion = 10.0.40219.1
Project("{FAE04EC0-301F-11D3-BF4B-00C04F79EFBC}") = "Lab2Linq", "Lab2Linq\Lab2Linq.csproj", "{2D8187A7-673E-4659-8CDA-B3982C374799}"
EndProject
Global
	GlobalSection(SolutionConfigurationPlatforms) = preSolution
		Debug|Any CPU = Debug|Any CPU
		Release|Any CPU = Release|Any CPU
	EndGlobalSection
	GlobalSection(ProjectConfigurationPlatforms) = postSolution
		{2D8187A7-673E-4659-8CDA-B3982C374799}.Debug|Any CPU.ActiveCfg = Debug|Any CPU
		{2D8187A7-673E-4659-8CDA-B3982C374799}.Debug|Any CPU.Build.0 = Debug|Any CPU
		{2D8187A7-673E-4659-8CDA-B3982C374799}.Release|Any CPU.ActiveCfg = Release|Any CPU
		{2D8187A7-673E-4659-8CDA-B3982C374799}.Release|Any CPU.Build.0 = Release|Any CPU
	EndGlobalSection
	GlobalSection(SolutionProperties) = preSolution
		HideSolutionNode = FALSE
	EndGlobalSection
	GlobalSection(ExtensibilityGlobals) = postSolution
		SolutionGuid = {ADDC1EB6-6C97-4F47-A675-3BDBF9123E2F}
	EndGlobalSection
EndGlobal
